
Microsoft Visual Studio Solution File, Format Version 12.00
Project("{2150E333-8FDC-42A3-9474-1A3956D46DE8}") = "src", "src", "{CFE9902A-D4BE-43BD-AEE8-9E94B5B2232F}"
EndProject
Project("{2150E333-8FDC-42A3-9474-1A3956D46DE8}") = "demo", "demo", "{37876CC9-B07F-4BC9-8BC0-D0B9EBB18979}"
EndProject
Project("{2150E333-8FDC-42A3-9474-1A3956D46DE8}") = "tests", "tests", "{5F754C3D-2567-45F2-98B5-9D9794B7CEF5}"
EndProject
Project("{FAE04EC0-301F-11D3-BF4B-00C04F79EFBC}") = "Zaabee.AWS.EventBridge", "src\Zaabee.AWS.EventBridge\Zaabee.AWS.EventBridge.csproj", "{3FB598F7-4D2F-4429-B3D6-203720ED5424}"
EndProject
Project("{FAE04EC0-301F-11D3-BF4B-00C04F79EFBC}") = "Zaabee.AWS.Kinesis", "src\Zaabee.AWS.Kinesis\Zaabee.AWS.Kinesis.csproj", "{02C423FC-ADEC-44B8-B038-31C0907E32F6}"
EndProject
Project("{FAE04EC0-301F-11D3-BF4B-00C04F79EFBC}") = "Zaabee.AWS.MQ", "src\Zaabee.AWS.MQ\Zaabee.AWS.MQ.csproj", "{9243D4ED-0D84-4F76-8BE3-E5223A6B4C9F}"
EndProject
Project("{FAE04EC0-301F-11D3-BF4B-00C04F79EFBC}") = "Zaabee.AWS.SNS", "src\Zaabee.AWS.SNS\Zaabee.AWS.SNS.csproj", "{DABA9EEC-A891-4277-995E-5ED641685E45}"
EndProject
Project("{FAE04EC0-301F-11D3-BF4B-00C04F79EFBC}") = "Zaabee.AWS.SQS", "src\Zaabee.AWS.SQS\Zaabee.AWS.SQS.csproj", "{C783A320-1646-4512-9C75-03AC70ACEC5F}"
EndProject
Global
	GlobalSection(SolutionConfigurationPlatforms) = preSolution
		Debug|Any CPU = Debug|Any CPU
		Release|Any CPU = Release|Any CPU
	EndGlobalSection
	GlobalSection(NestedProjects) = preSolution
		{3FB598F7-4D2F-4429-B3D6-203720ED5424} = {CFE9902A-D4BE-43BD-AEE8-9E94B5B2232F}
		{02C423FC-ADEC-44B8-B038-31C0907E32F6} = {CFE9902A-D4BE-43BD-AEE8-9E94B5B2232F}
		{9243D4ED-0D84-4F76-8BE3-E5223A6B4C9F} = {CFE9902A-D4BE-43BD-AEE8-9E94B5B2232F}
		{DABA9EEC-A891-4277-995E-5ED641685E45} = {CFE9902A-D4BE-43BD-AEE8-9E94B5B2232F}
		{C783A320-1646-4512-9C75-03AC70ACEC5F} = {CFE9902A-D4BE-43BD-AEE8-9E94B5B2232F}
	EndGlobalSection
	GlobalSection(ProjectConfigurationPlatforms) = postSolution
		{3FB598F7-4D2F-4429-B3D6-203720ED5424}.Debug|Any CPU.ActiveCfg = Debug|Any CPU
		{3FB598F7-4D2F-4429-B3D6-203720ED5424}.Debug|Any CPU.Build.0 = Debug|Any CPU
		{3FB598F7-4D2F-4429-B3D6-203720ED5424}.Release|Any CPU.ActiveCfg = Release|Any CPU
		{3FB598F7-4D2F-4429-B3D6-203720ED5424}.Release|Any CPU.Build.0 = Release|Any CPU
		{02C423FC-ADEC-44B8-B038-31C0907E32F6}.Debug|Any CPU.ActiveCfg = Debug|Any CPU
		{02C423FC-ADEC-44B8-B038-31C0907E32F6}.Debug|Any CPU.Build.0 = Debug|Any CPU
		{02C423FC-ADEC-44B8-B038-31C0907E32F6}.Release|Any CPU.ActiveCfg = Release|Any CPU
		{02C423FC-ADEC-44B8-B038-31C0907E32F6}.Release|Any CPU.Build.0 = Release|Any CPU
		{9243D4ED-0D84-4F76-8BE3-E5223A6B4C9F}.Debug|Any CPU.ActiveCfg = Debug|Any CPU
		{9243D4ED-0D84-4F76-8BE3-E5223A6B4C9F}.Debug|Any CPU.Build.0 = Debug|Any CPU
		{9243D4ED-0D84-4F76-8BE3-E5223A6B4C9F}.Release|Any CPU.ActiveCfg = Release|Any CPU
		{9243D4ED-0D84-4F76-8BE3-E5223A6B4C9F}.Release|Any CPU.Build.0 = Release|Any CPU
		{DABA9EEC-A891-4277-995E-5ED641685E45}.Debug|Any CPU.ActiveCfg = Debug|Any CPU
		{DABA9EEC-A891-4277-995E-5ED641685E45}.Debug|Any CPU.Build.0 = Debug|Any CPU
		{DABA9EEC-A891-4277-995E-5ED641685E45}.Release|Any CPU.ActiveCfg = Release|Any CPU
		{DABA9EEC-A891-4277-995E-5ED641685E45}.Release|Any CPU.Build.0 = Release|Any CPU
		{C783A320-1646-4512-9C75-03AC70ACEC5F}.Debug|Any CPU.ActiveCfg = Debug|Any CPU
		{C783A320-1646-4512-9C75-03AC70ACEC5F}.Debug|Any CPU.Build.0 = Debug|Any CPU
		{C783A320-1646-4512-9C75-03AC70ACEC5F}.Release|Any CPU.ActiveCfg = Release|Any CPU
		{C783A320-1646-4512-9C75-03AC70ACEC5F}.Release|Any CPU.Build.0 = Release|Any CPU
	EndGlobalSection
EndGlobal
